
Microsoft Visual Studio Solution File, Format Version 12.00
Project("{FAE04EC0-301F-11D3-BF4B-00C04F79EFBC}") = "UnknownSurvivor", "UnknownSurvivor\UnknownSurvivor.csproj", "{F4C3F437-EDB0-43E4-88F4-BFAC3C31E4BD}"
EndProject
Project("{FAE04EC0-301F-11D3-BF4B-00C04F79EFBC}") = "UnknownSurvivorClient", "UnknownSurvivorClient\UnknownSurvivorClient.csproj", "{DBF7C457-855D-4C4C-A392-0B7BE0BE59E1}"
EndProject
Global
	GlobalSection(SolutionConfigurationPlatforms) = preSolution
		Debug|Any CPU = Debug|Any CPU
		Release|Any CPU = Release|Any CPU
	EndGlobalSection
	GlobalSection(ProjectConfigurationPlatforms) = postSolution
		{F4C3F437-EDB0-43E4-88F4-BFAC3C31E4BD}.Debug|Any CPU.ActiveCfg = Debug|Any CPU
		{F4C3F437-EDB0-43E4-88F4-BFAC3C31E4BD}.Debug|Any CPU.Build.0 = Debug|Any CPU
		{F4C3F437-EDB0-43E4-88F4-BFAC3C31E4BD}.Release|Any CPU.ActiveCfg = Release|Any CPU
		{F4C3F437-EDB0-43E4-88F4-BFAC3C31E4BD}.Release|Any CPU.Build.0 = Release|Any CPU
		{DBF7C457-855D-4C4C-A392-0B7BE0BE59E1}.Debug|Any CPU.ActiveCfg = Debug|Any CPU
		{DBF7C457-855D-4C4C-A392-0B7BE0BE59E1}.Debug|Any CPU.Build.0 = Debug|Any CPU
		{DBF7C457-855D-4C4C-A392-0B7BE0BE59E1}.Release|Any CPU.ActiveCfg = Release|Any CPU
		{DBF7C457-855D-4C4C-A392-0B7BE0BE59E1}.Release|Any CPU.Build.0 = Release|Any CPU
	EndGlobalSection
EndGlobal
